
Microsoft Visual Studio Solution File, Format Version 12.00
Project("{FAE04EC0-301F-11D3-BF4B-00C04F79EFBC}") = "Crypto", "src\Crypto\Crypto.csproj", "{10681491-95EE-43D8-8026-C0402EABF9B2}"
EndProject
Project("{FAE04EC0-301F-11D3-BF4B-00C04F79EFBC}") = "Crypto.Domain", "src\Crypto.Domain\Crypto.Domain.csproj", "{0E466A14-69D4-46FF-89F9-82D535FFEC77}"
EndProject
Project("{FAE04EC0-301F-11D3-BF4B-00C04F79EFBC}") = "Crypto.Tests", "test\Crypto.Tests\Crypto.Tests.csproj", "{FE0D70F0-2389-45CC-B2DD-8ECDE30C913E}"
EndProject
Project("{FAE04EC0-301F-11D3-BF4B-00C04F79EFBC}") = "Crypto.ExampleApp", "test\Crypto.ExampleApp\Crypto.ExampleApp.csproj", "{2B3C8D8F-65D7-4252-9435-BCF3C4E04A3E}"
EndProject
Global
	GlobalSection(SolutionConfigurationPlatforms) = preSolution
		Debug|Any CPU = Debug|Any CPU
		Release|Any CPU = Release|Any CPU
	EndGlobalSection
	GlobalSection(ProjectConfigurationPlatforms) = postSolution
		{10681491-95EE-43D8-8026-C0402EABF9B2}.Debug|Any CPU.ActiveCfg = Debug|Any CPU
		{10681491-95EE-43D8-8026-C0402EABF9B2}.Debug|Any CPU.Build.0 = Debug|Any CPU
		{10681491-95EE-43D8-8026-C0402EABF9B2}.Release|Any CPU.ActiveCfg = Release|Any CPU
		{10681491-95EE-43D8-8026-C0402EABF9B2}.Release|Any CPU.Build.0 = Release|Any CPU
		{0E466A14-69D4-46FF-89F9-82D535FFEC77}.Debug|Any CPU.ActiveCfg = Debug|Any CPU
		{0E466A14-69D4-46FF-89F9-82D535FFEC77}.Debug|Any CPU.Build.0 = Debug|Any CPU
		{0E466A14-69D4-46FF-89F9-82D535FFEC77}.Release|Any CPU.ActiveCfg = Release|Any CPU
		{0E466A14-69D4-46FF-89F9-82D535FFEC77}.Release|Any CPU.Build.0 = Release|Any CPU
		{FE0D70F0-2389-45CC-B2DD-8ECDE30C913E}.Debug|Any CPU.ActiveCfg = Debug|Any CPU
		{FE0D70F0-2389-45CC-B2DD-8ECDE30C913E}.Debug|Any CPU.Build.0 = Debug|Any CPU
		{FE0D70F0-2389-45CC-B2DD-8ECDE30C913E}.Release|Any CPU.ActiveCfg = Release|Any CPU
		{FE0D70F0-2389-45CC-B2DD-8ECDE30C913E}.Release|Any CPU.Build.0 = Release|Any CPU
		{2B3C8D8F-65D7-4252-9435-BCF3C4E04A3E}.Debug|Any CPU.ActiveCfg = Debug|Any CPU
		{2B3C8D8F-65D7-4252-9435-BCF3C4E04A3E}.Debug|Any CPU.Build.0 = Debug|Any CPU
		{2B3C8D8F-65D7-4252-9435-BCF3C4E04A3E}.Release|Any CPU.ActiveCfg = Release|Any CPU
		{2B3C8D8F-65D7-4252-9435-BCF3C4E04A3E}.Release|Any CPU.Build.0 = Release|Any CPU
	EndGlobalSection
EndGlobal
