
Microsoft Visual Studio Solution File, Format Version 12.00
Project("{FAE04EC0-301F-11D3-BF4B-00C04F79EFBC}") = "Crypto", "src\Crypto\Crypto.csproj", "{10681491-95EE-43D8-8026-C0402EABF9B2}"
EndProject
Project("{FAE04EC0-301F-11D3-BF4B-00C04F79EFBC}") = "Crypto.Core", "src\Crypto.Core\Crypto.Core.csproj", "{0E466A14-69D4-46FF-89F9-82D535FFEC77}"
EndProject
Project("{FAE04EC0-301F-11D3-BF4B-00C04F79EFBC}") = "Crypto.Tests", "test\Crypto.Tests\Crypto.Tests.csproj", "{FB1743C3-4436-4DB3-B0A3-DB8B9F5B85BA}"
EndProject
Global
	GlobalSection(SolutionConfigurationPlatforms) = preSolution
		Debug|Any CPU = Debug|Any CPU
		Release|Any CPU = Release|Any CPU
	EndGlobalSection
	GlobalSection(ProjectConfigurationPlatforms) = postSolution
		{10681491-95EE-43D8-8026-C0402EABF9B2}.Debug|Any CPU.ActiveCfg = Debug|Any CPU
		{10681491-95EE-43D8-8026-C0402EABF9B2}.Debug|Any CPU.Build.0 = Debug|Any CPU
		{10681491-95EE-43D8-8026-C0402EABF9B2}.Release|Any CPU.ActiveCfg = Release|Any CPU
		{10681491-95EE-43D8-8026-C0402EABF9B2}.Release|Any CPU.Build.0 = Release|Any CPU
		{0E466A14-69D4-46FF-89F9-82D535FFEC77}.Debug|Any CPU.ActiveCfg = Debug|Any CPU
		{0E466A14-69D4-46FF-89F9-82D535FFEC77}.Debug|Any CPU.Build.0 = Debug|Any CPU
		{0E466A14-69D4-46FF-89F9-82D535FFEC77}.Release|Any CPU.ActiveCfg = Release|Any CPU
		{0E466A14-69D4-46FF-89F9-82D535FFEC77}.Release|Any CPU.Build.0 = Release|Any CPU
		{FB1743C3-4436-4DB3-B0A3-DB8B9F5B85BA}.Debug|Any CPU.ActiveCfg = Debug|Any CPU
		{FB1743C3-4436-4DB3-B0A3-DB8B9F5B85BA}.Debug|Any CPU.Build.0 = Debug|Any CPU
		{FB1743C3-4436-4DB3-B0A3-DB8B9F5B85BA}.Release|Any CPU.ActiveCfg = Release|Any CPU
		{FB1743C3-4436-4DB3-B0A3-DB8B9F5B85BA}.Release|Any CPU.Build.0 = Release|Any CPU
	EndGlobalSection
EndGlobal
